
Microsoft Visual Studio Solution File, Format Version 12.00
# Visual Studio Version 17
VisualStudioVersion = 17.14.36203.30 d17.14
MinimumVisualStudioVersion = 10.0.40219.1
Project("{FAE04EC0-301F-11D3-BF4B-00C04F79EFBC}") = "01-variables", "01-variables.csproj", "{699AAADE-425D-41C6-9757-40D44342CBDB}"
EndProject
Global
	GlobalSection(SolutionConfigurationPlatforms) = preSolution
		Debug|Any CPU = Debug|Any CPU
		Release|Any CPU = Release|Any CPU
	EndGlobalSection
	GlobalSection(ProjectConfigurationPlatforms) = postSolution
		{699AAADE-425D-41C6-9757-40D44342CBDB}.Debug|Any CPU.ActiveCfg = Debug|Any CPU
		{699AAADE-425D-41C6-9757-40D44342CBDB}.Debug|Any CPU.Build.0 = Debug|Any CPU
		{699AAADE-425D-41C6-9757-40D44342CBDB}.Release|Any CPU.ActiveCfg = Release|Any CPU
		{699AAADE-425D-41C6-9757-40D44342CBDB}.Release|Any CPU.Build.0 = Release|Any CPU
	EndGlobalSection
	GlobalSection(SolutionProperties) = preSolution
		HideSolutionNode = FALSE
	EndGlobalSection
	GlobalSection(ExtensibilityGlobals) = postSolution
		SolutionGuid = {0568B0DF-FE58-4819-B181-F186B0DB7796}
	EndGlobalSection
EndGlobal
