
Microsoft Visual Studio Solution File, Format Version 12.00
# Visual Studio Version 17
VisualStudioVersion = 17.14.36203.30 d17.14
MinimumVisualStudioVersion = 10.0.40219.1
Project("{FAE04EC0-301F-11D3-BF4B-00C04F79EFBC}") = "03-GetStarted", "03-GetStarted.csproj", "{97D51B00-F3BA-49F4-A8BB-D909B7DC08AA}"
EndProject
Global
	GlobalSection(SolutionConfigurationPlatforms) = preSolution
		Debug|Any CPU = Debug|Any CPU
		Release|Any CPU = Release|Any CPU
	EndGlobalSection
	GlobalSection(ProjectConfigurationPlatforms) = postSolution
		{97D51B00-F3BA-49F4-A8BB-D909B7DC08AA}.Debug|Any CPU.ActiveCfg = Debug|Any CPU
		{97D51B00-F3BA-49F4-A8BB-D909B7DC08AA}.Debug|Any CPU.Build.0 = Debug|Any CPU
		{97D51B00-F3BA-49F4-A8BB-D909B7DC08AA}.Release|Any CPU.ActiveCfg = Release|Any CPU
		{97D51B00-F3BA-49F4-A8BB-D909B7DC08AA}.Release|Any CPU.Build.0 = Release|Any CPU
	EndGlobalSection
	GlobalSection(SolutionProperties) = preSolution
		HideSolutionNode = FALSE
	EndGlobalSection
	GlobalSection(ExtensibilityGlobals) = postSolution
		SolutionGuid = {5ACDFF1C-5414-49D0-903B-B56285BFAF41}
	EndGlobalSection
EndGlobal
